
Microsoft Visual Studio Solution File, Format Version 12.00
# Visual Studio 15
VisualStudioVersion = 15.0.28307.168
MinimumVisualStudioVersion = 10.0.40219.1
Project("{2150E333-8FDC-42A3-9474-1A3956D46DE8}") = "Solution Items", "Solution Items", "{8A12F58F-01D4-4784-9F34-2D6A6FC54347}"
	ProjectSection(SolutionItems) = preProject
		NServiceBusGenericHost.nuspec = NServiceBusGenericHost.nuspec
	EndProjectSection
EndProject
Project("{9A19103F-16F7-4668-BE54-9A1E7A4F7556}") = "NServiceBusGenericHost", "content\NServiceBusGenericHost\NServiceBusGenericHost.csproj", "{3DB3A4C6-002E-4411-ADFF-10328DFD2380}"
EndProject
Global
	GlobalSection(SolutionConfigurationPlatforms) = preSolution
		Debug|Any CPU = Debug|Any CPU
		Release|Any CPU = Release|Any CPU
	EndGlobalSection
	GlobalSection(ProjectConfigurationPlatforms) = postSolution
		{3DB3A4C6-002E-4411-ADFF-10328DFD2380}.Debug|Any CPU.ActiveCfg = Debug|Any CPU
		{3DB3A4C6-002E-4411-ADFF-10328DFD2380}.Debug|Any CPU.Build.0 = Debug|Any CPU
		{3DB3A4C6-002E-4411-ADFF-10328DFD2380}.Release|Any CPU.ActiveCfg = Release|Any CPU
		{3DB3A4C6-002E-4411-ADFF-10328DFD2380}.Release|Any CPU.Build.0 = Release|Any CPU
	EndGlobalSection
	GlobalSection(SolutionProperties) = preSolution
		HideSolutionNode = FALSE
	EndGlobalSection
	GlobalSection(ExtensibilityGlobals) = postSolution
		SolutionGuid = {0C7D227C-7065-433D-B48C-E4D68BCCA043}
	EndGlobalSection
EndGlobal
